
Microsoft Visual Studio Solution File, Format Version 12.00
# Visual Studio Version 17
VisualStudioVersion = 17.4.33213.308
MinimumVisualStudioVersion = 10.0.40219.1
Project("{FAE04EC0-301F-11D3-BF4B-00C04F79EFBC}") = "JVCalculatorCsharp", "JVCalculatorCsharp\JVCalculatorCsharp.csproj", "{A94DE68F-C614-4E57-AA8E-768D722BC0E3}"
EndProject
Project("{FAE04EC0-301F-11D3-BF4B-00C04F79EFBC}") = "JVCalculatorCsharpTest", "JVCalculatorCsharpTest\JVCalculatorCsharpTest.csproj", "{C4B7B6E0-2C57-451D-B7E1-4B5EE7209898}"
EndProject
Global
	GlobalSection(SolutionConfigurationPlatforms) = preSolution
		Debug|Any CPU = Debug|Any CPU
		Release|Any CPU = Release|Any CPU
	EndGlobalSection
	GlobalSection(ProjectConfigurationPlatforms) = postSolution
		{A94DE68F-C614-4E57-AA8E-768D722BC0E3}.Debug|Any CPU.ActiveCfg = Debug|Any CPU
		{A94DE68F-C614-4E57-AA8E-768D722BC0E3}.Debug|Any CPU.Build.0 = Debug|Any CPU
		{A94DE68F-C614-4E57-AA8E-768D722BC0E3}.Release|Any CPU.ActiveCfg = Release|Any CPU
		{A94DE68F-C614-4E57-AA8E-768D722BC0E3}.Release|Any CPU.Build.0 = Release|Any CPU
		{C4B7B6E0-2C57-451D-B7E1-4B5EE7209898}.Debug|Any CPU.ActiveCfg = Debug|Any CPU
		{C4B7B6E0-2C57-451D-B7E1-4B5EE7209898}.Debug|Any CPU.Build.0 = Debug|Any CPU
		{C4B7B6E0-2C57-451D-B7E1-4B5EE7209898}.Release|Any CPU.ActiveCfg = Release|Any CPU
		{C4B7B6E0-2C57-451D-B7E1-4B5EE7209898}.Release|Any CPU.Build.0 = Release|Any CPU
	EndGlobalSection
	GlobalSection(SolutionProperties) = preSolution
		HideSolutionNode = FALSE
	EndGlobalSection
	GlobalSection(ExtensibilityGlobals) = postSolution
		SolutionGuid = {DDC90DF6-40C6-474E-A271-7A277E1A809D}
	EndGlobalSection
EndGlobal
